// !$*UTF8*$!
{
	archiveVersion = 1;
	classes = {
	};
	objectVersion = 56;
	objects = {

/* Begin PBXBuildFile section */
		B746C7912C8A37E5001FAC33 /* StarterProjectSwiftUIApp.swift in Sources */ = {isa = PBXBuildFile; fileRef = B746C7902C8A37E5001FAC33 /* StarterProjectSwiftUIApp.swift */; };
		B746C7932C8A37E5001FAC33 /* ContentView.swift in Sources */ = {isa = PBXBuildFile; fileRef = B746C7922C8A37E5001FAC33 /* ContentView.swift */; };
		B746C7952C8A37E7001FAC33 /* Assets.xcassets in Resources */ = {isa = PBXBuildFile; fileRef = B746C7942C8A37E7001FAC33 /* Assets.xcassets */; };
		B746C7982C8A37E7001FAC33 /* Preview Assets.xcassets in Resources */ = {isa = PBXBuildFile; fileRef = B746C7972C8A37E7001FAC33 /* Preview Assets.xcassets */; };
		B746C7A02C8B0A94001FAC33 /* UserDataModel.swift in Sources */ = {isa = PBXBuildFile; fileRef = B746C79F2C8B0A94001FAC33 /* UserDataModel.swift */; };
		B746C7A42C8B1990001FAC33 /* RMSConfigBoxActive.swift in Sources */ = {isa = PBXBuildFile; fileRef = B746C7A32C8B1990001FAC33 /* RMSConfigBoxActive.swift */; };
		B746C7A72C8B36D6001FAC33 /* NetworkManagerActive.swift in Sources */ = {isa = PBXBuildFile; fileRef = B746C7A62C8B36D6001FAC33 /* NetworkManagerActive.swift */; };
		B746C7AA2C8B4E3C001FAC33 /* Constants.swift in Sources */ = {isa = PBXBuildFile; fileRef = B746C7A92C8B4E3C001FAC33 /* Constants.swift */; };
		B746C7AC2C8F548E001FAC33 /* LoadingScreen.swift in Sources */ = {isa = PBXBuildFile; fileRef = B746C7AB2C8F548E001FAC33 /* LoadingScreen.swift */; };
		B746C7B42C930AC1001FAC33 /* AllStationsModel.swift in Sources */ = {isa = PBXBuildFile; fileRef = B746C7B32C930AC1001FAC33 /* AllStationsModel.swift */; };
		B746C7B62C94BB32001FAC33 /* HomePage.swift in Sources */ = {isa = PBXBuildFile; fileRef = B746C7B52C94BB32001FAC33 /* HomePage.swift */; };
		B746C7B82C96160E001FAC33 /* MainView.swift in Sources */ = {isa = PBXBuildFile; fileRef = B746C7B72C96160E001FAC33 /* MainView.swift */; };
		B746C7BA2C961943001FAC33 /* ObservableObject.swift in Sources */ = {isa = PBXBuildFile; fileRef = B746C7B92C961943001FAC33 /* ObservableObject.swift */; };
		B78A9FA02C9C241A00A6F209 /* HomePageViewModel.swift in Sources */ = {isa = PBXBuildFile; fileRef = B78A9F9F2C9C241A00A6F209 /* HomePageViewModel.swift */; };
		B78A9FA22C9C248D00A6F209 /* NetworkService.swift in Sources */ = {isa = PBXBuildFile; fileRef = B78A9FA12C9C248D00A6F209 /* NetworkService.swift */; };
		B7EE66A22C9DC3A900ECE111 /* AudioPlayer.swift in Sources */ = {isa = PBXBuildFile; fileRef = B7EE66A12C9DC3A900ECE111 /* AudioPlayer.swift */; };
		B7EE66A42C9DC3DE00ECE111 /* MusicPlayerView.swift in Sources */ = {isa = PBXBuildFile; fileRef = B7EE66A32C9DC3DE00ECE111 /* MusicPlayerView.swift */; };
/* End PBXBuildFile section */

/* Begin PBXFileReference section */
		B746C78D2C8A37E5001FAC33 /* StarterProjectSwiftUI.app */ = {isa = PBXFileReference; explicitFileType = wrapper.application; includeInIndex = 0; path = StarterProjectSwiftUI.app; sourceTree = BUILT_PRODUCTS_DIR; };
		B746C7902C8A37E5001FAC33 /* StarterProjectSwiftUIApp.swift */ = {isa = PBXFileReference; lastKnownFileType = sourcecode.swift; path = StarterProjectSwiftUIApp.swift; sourceTree = "<group>"; };
		B746C7922C8A37E5001FAC33 /* ContentView.swift */ = {isa = PBXFileReference; lastKnownFileType = sourcecode.swift; path = ContentView.swift; sourceTree = "<group>"; };
		B746C7942C8A37E7001FAC33 /* Assets.xcassets */ = {isa = PBXFileReference; lastKnownFileType = folder.assetcatalog; path = Assets.xcassets; sourceTree = "<group>"; };
		B746C7972C8A37E7001FAC33 /* Preview Assets.xcassets */ = {isa = PBXFileReference; lastKnownFileType = folder.assetcatalog; path = "Preview Assets.xcassets"; sourceTree = "<group>"; };
		B746C79F2C8B0A94001FAC33 /* UserDataModel.swift */ = {isa = PBXFileReference; lastKnownFileType = sourcecode.swift; path = UserDataModel.swift; sourceTree = "<group>"; };
		B746C7A32C8B1990001FAC33 /* RMSConfigBoxActive.swift */ = {isa = PBXFileReference; lastKnownFileType = sourcecode.swift; path = RMSConfigBoxActive.swift; sourceTree = "<group>"; };
		B746C7A62C8B36D6001FAC33 /* NetworkManagerActive.swift */ = {isa = PBXFileReference; lastKnownFileType = sourcecode.swift; path = NetworkManagerActive.swift; sourceTree = "<group>"; };
		B746C7A92C8B4E3C001FAC33 /* Constants.swift */ = {isa = PBXFileReference; lastKnownFileType = sourcecode.swift; path = Constants.swift; sourceTree = "<group>"; };
		B746C7AB2C8F548E001FAC33 /* LoadingScreen.swift */ = {isa = PBXFileReference; lastKnownFileType = sourcecode.swift; path = LoadingScreen.swift; sourceTree = "<group>"; };
		B746C7B32C930AC1001FAC33 /* AllStationsModel.swift */ = {isa = PBXFileReference; lastKnownFileType = sourcecode.swift; path = AllStationsModel.swift; sourceTree = "<group>"; };
		B746C7B52C94BB32001FAC33 /* HomePage.swift */ = {isa = PBXFileReference; lastKnownFileType = sourcecode.swift; path = HomePage.swift; sourceTree = "<group>"; };
		B746C7B72C96160E001FAC33 /* MainView.swift */ = {isa = PBXFileReference; lastKnownFileType = sourcecode.swift; path = MainView.swift; sourceTree = "<group>"; };
		B746C7B92C961943001FAC33 /* ObservableObject.swift */ = {isa = PBXFileReference; lastKnownFileType = sourcecode.swift; path = ObservableObject.swift; sourceTree = "<group>"; };
		B78A9F9F2C9C241A00A6F209 /* HomePageViewModel.swift */ = {isa = PBXFileReference; lastKnownFileType = sourcecode.swift; path = HomePageViewModel.swift; sourceTree = "<group>"; };
		B78A9FA12C9C248D00A6F209 /* NetworkService.swift */ = {isa = PBXFileReference; lastKnownFileType = sourcecode.swift; path = NetworkService.swift; sourceTree = "<group>"; };
		B7EE66A12C9DC3A900ECE111 /* AudioPlayer.swift */ = {isa = PBXFileReference; lastKnownFileType = sourcecode.swift; path = AudioPlayer.swift; sourceTree = "<group>"; };
		B7EE66A32C9DC3DE00ECE111 /* MusicPlayerView.swift */ = {isa = PBXFileReference; lastKnownFileType = sourcecode.swift; path = MusicPlayerView.swift; sourceTree = "<group>"; };
/* End PBXFileReference section */

/* Begin PBXFrameworksBuildPhase section */
		B746C78A2C8A37E5001FAC33 /* Frameworks */ = {
			isa = PBXFrameworksBuildPhase;
			buildActionMask = 2147483647;
			files = (
			);
			runOnlyForDeploymentPostprocessing = 0;
		};
/* End PBXFrameworksBuildPhase section */

/* Begin PBXGroup section */
		B746C7842C8A37E5001FAC33 = {
			isa = PBXGroup;
			children = (
				B746C78F2C8A37E5001FAC33 /* StarterProjectSwiftUI */,
				B746C78E2C8A37E5001FAC33 /* Products */,
			);
			sourceTree = "<group>";
		};
		B746C78E2C8A37E5001FAC33 /* Products */ = {
			isa = PBXGroup;
			children = (
				B746C78D2C8A37E5001FAC33 /* StarterProjectSwiftUI.app */,
			);
			name = Products;
			sourceTree = "<group>";
		};
		B746C78F2C8A37E5001FAC33 /* StarterProjectSwiftUI */ = {
			isa = PBXGroup;
			children = (
				B746C7A92C8B4E3C001FAC33 /* Constants.swift */,
				B746C79E2C8B0A75001FAC33 /* Model */,
				B746C7A82C8B428A001FAC33 /* View */,
				B746C7A52C8B36BA001FAC33 /* Viewmodel */,
				B746C7942C8A37E7001FAC33 /* Assets.xcassets */,
				B746C7962C8A37E7001FAC33 /* Preview Content */,
			);
			path = StarterProjectSwiftUI;
			sourceTree = "<group>";
		};
		B746C7962C8A37E7001FAC33 /* Preview Content */ = {
			isa = PBXGroup;
			children = (
				B746C7972C8A37E7001FAC33 /* Preview Assets.xcassets */,
			);
			path = "Preview Content";
			sourceTree = "<group>";
		};
		B746C79E2C8B0A75001FAC33 /* Model */ = {
			isa = PBXGroup;
			children = (
				B746C79F2C8B0A94001FAC33 /* UserDataModel.swift */,
				B746C7B32C930AC1001FAC33 /* AllStationsModel.swift */,
			);
			path = Model;
			sourceTree = "<group>";
		};
		B746C7A52C8B36BA001FAC33 /* Viewmodel */ = {
			isa = PBXGroup;
			children = (
				B746C7A62C8B36D6001FAC33 /* NetworkManagerActive.swift */,
				B746C7B92C961943001FAC33 /* ObservableObject.swift */,
				B78A9F9F2C9C241A00A6F209 /* HomePageViewModel.swift */,
				B78A9FA12C9C248D00A6F209 /* NetworkService.swift */,
				B7EE66A12C9DC3A900ECE111 /* AudioPlayer.swift */,
			);
			path = Viewmodel;
			sourceTree = "<group>";
		};
		B746C7A82C8B428A001FAC33 /* View */ = {
			isa = PBXGroup;
			children = (
				B746C7902C8A37E5001FAC33 /* StarterProjectSwiftUIApp.swift */,
				B746C7AB2C8F548E001FAC33 /* LoadingScreen.swift */,
				B746C7922C8A37E5001FAC33 /* ContentView.swift */,
				B746C7A32C8B1990001FAC33 /* RMSConfigBoxActive.swift */,
				B746C7B52C94BB32001FAC33 /* HomePage.swift */,
				B746C7B72C96160E001FAC33 /* MainView.swift */,
				B7EE66A32C9DC3DE00ECE111 /* MusicPlayerView.swift */,
			);
			path = View;
			sourceTree = "<group>";
		};
/* End PBXGroup section */

/* Begin PBXNativeTarget section */
		B746C78C2C8A37E5001FAC33 /* StarterProjectSwiftUI */ = {
			isa = PBXNativeTarget;
			buildConfigurationList = B746C79B2C8A37E7001FAC33 /* Build configuration list for PBXNativeTarget "StarterProjectSwiftUI" */;
			buildPhases = (
				B746C7892C8A37E5001FAC33 /* Sources */,
				B746C78A2C8A37E5001FAC33 /* Frameworks */,
				B746C78B2C8A37E5001FAC33 /* Resources */,
			);
			buildRules = (
			);
			dependencies = (
			);
			name = StarterProjectSwiftUI;
			productName = StarterProjectSwiftUI;
			productReference = B746C78D2C8A37E5001FAC33 /* StarterProjectSwiftUI.app */;
			productType = "com.apple.product-type.application";
		};
/* End PBXNativeTarget section */

/* Begin PBXProject section */
		B746C7852C8A37E5001FAC33 /* Project object */ = {
			isa = PBXProject;
			attributes = {
				BuildIndependentTargetsInParallel = 1;
				LastSwiftUpdateCheck = 1540;
				LastUpgradeCheck = 1540;
				TargetAttributes = {
					B746C78C2C8A37E5001FAC33 = {
						CreatedOnToolsVersion = 15.4;
					};
				};
			};
			buildConfigurationList = B746C7882C8A37E5001FAC33 /* Build configuration list for PBXProject "StarterProjectSwiftUI" */;
			compatibilityVersion = "Xcode 14.0";
			developmentRegion = en;
			hasScannedForEncodings = 0;
			knownRegions = (
				en,
				Base,
			);
			mainGroup = B746C7842C8A37E5001FAC33;
			productRefGroup = B746C78E2C8A37E5001FAC33 /* Products */;
			projectDirPath = "";
			projectRoot = "";
			targets = (
				B746C78C2C8A37E5001FAC33 /* StarterProjectSwiftUI */,
			);
		};
/* End PBXProject section */

/* Begin PBXResourcesBuildPhase section */
		B746C78B2C8A37E5001FAC33 /* Resources */ = {
			isa = PBXResourcesBuildPhase;
			buildActionMask = 2147483647;
			files = (
				B746C7982C8A37E7001FAC33 /* Preview Assets.xcassets in Resources */,
				B746C7952C8A37E7001FAC33 /* Assets.xcassets in Resources */,
			);
			runOnlyForDeploymentPostprocessing = 0;
		};
/* End PBXResourcesBuildPhase section */

/* Begin PBXSourcesBuildPhase section */
		B746C7892C8A37E5001FAC33 /* Sources */ = {
			isa = PBXSourcesBuildPhase;
			buildActionMask = 2147483647;
			files = (
				B7EE66A42C9DC3DE00ECE111 /* MusicPlayerView.swift in Sources */,
				B746C7B42C930AC1001FAC33 /* AllStationsModel.swift in Sources */,
				B746C7B62C94BB32001FAC33 /* HomePage.swift in Sources */,
				B746C7932C8A37E5001FAC33 /* ContentView.swift in Sources */,
				B746C7B82C96160E001FAC33 /* MainView.swift in Sources */,
				B746C7BA2C961943001FAC33 /* ObservableObject.swift in Sources */,
				B746C7AC2C8F548E001FAC33 /* LoadingScreen.swift in Sources */,
				B746C7912C8A37E5001FAC33 /* StarterProjectSwiftUIApp.swift in Sources */,
				B746C7A72C8B36D6001FAC33 /* NetworkManagerActive.swift in Sources */,
				B78A9FA02C9C241A00A6F209 /* HomePageViewModel.swift in Sources */,
				B746C7A42C8B1990001FAC33 /* RMSConfigBoxActive.swift in Sources */,
				B746C7A02C8B0A94001FAC33 /* UserDataModel.swift in Sources */,
				B78A9FA22C9C248D00A6F209 /* NetworkService.swift in Sources */,
				B746C7AA2C8B4E3C001FAC33 /* Constants.swift in Sources */,
				B7EE66A22C9DC3A900ECE111 /* AudioPlayer.swift in Sources */,
			);
			runOnlyForDeploymentPostprocessing = 0;
		};
/* End PBXSourcesBuildPhase section */

/* Begin XCBuildConfiguration section */
		B746C7992C8A37E7001FAC33 /* Debug */ = {
			isa = XCBuildConfiguration;
			buildSettings = {
				ALWAYS_SEARCH_USER_PATHS = NO;
				ASSETCATALOG_COMPILER_GENERATE_SWIFT_ASSET_SYMBOL_EXTENSIONS = YES;
				CLANG_ANALYZER_NONNULL = YES;
				CLANG_ANALYZER_NUMBER_OBJECT_CONVERSION = YES_AGGRESSIVE;
				CLANG_CXX_LANGUAGE_STANDARD = "gnu++20";
				CLANG_ENABLE_MODULES = YES;
				CLANG_ENABLE_OBJC_ARC = YES;
				CLANG_ENABLE_OBJC_WEAK = YES;
				CLANG_WARN_BLOCK_CAPTURE_AUTORELEASING = YES;
				CLANG_WARN_BOOL_CONVERSION = YES;
				CLANG_WARN_COMMA = YES;
				CLANG_WARN_CONSTANT_CONVERSION = YES;
				CLANG_WARN_DEPRECATED_OBJC_IMPLEMENTATIONS = YES;
				CLANG_WARN_DIRECT_OBJC_ISA_USAGE = YES_ERROR;
				CLANG_WARN_DOCUMENTATION_COMMENTS = YES;
				CLANG_WARN_EMPTY_BODY = YES;
				CLANG_WARN_ENUM_CONVERSION = YES;
				CLANG_WARN_INFINITE_RECURSION = YES;
				CLANG_WARN_INT_CONVERSION = YES;
				CLANG_WARN_NON_LITERAL_NULL_CONVERSION = YES;
				CLANG_WARN_OBJC_IMPLICIT_RETAIN_SELF = YES;
				CLANG_WARN_OBJC_LITERAL_CONVERSION = YES;
				CLANG_WARN_OBJC_ROOT_CLASS = YES_ERROR;
				CLANG_WARN_QUOTED_INCLUDE_IN_FRAMEWORK_HEADER = YES;
				CLANG_WARN_RANGE_LOOP_ANALYSIS = YES;
				CLANG_WARN_STRICT_PROTOTYPES = YES;
				CLANG_WARN_SUSPICIOUS_MOVE = YES;
				CLANG_WARN_UNGUARDED_AVAILABILITY = YES_AGGRESSIVE;
				CLANG_WARN_UNREACHABLE_CODE = YES;
				CLANG_WARN__DUPLICATE_METHOD_MATCH = YES;
				COPY_PHASE_STRIP = NO;
				DEBUG_INFORMATION_FORMAT = dwarf;
				ENABLE_STRICT_OBJC_MSGSEND = YES;
				ENABLE_TESTABILITY = YES;
				ENABLE_USER_SCRIPT_SANDBOXING = YES;
				GCC_C_LANGUAGE_STANDARD = gnu17;
				GCC_DYNAMIC_NO_PIC = NO;
				GCC_NO_COMMON_BLOCKS = YES;
				GCC_OPTIMIZATION_LEVEL = 0;
				GCC_PREPROCESSOR_DEFINITIONS = (
					"DEBUG=1",
					"$(inherited)",
				);
				GCC_WARN_64_TO_32_BIT_CONVERSION = YES;
				GCC_WARN_ABOUT_RETURN_TYPE = YES_ERROR;
				GCC_WARN_UNDECLARED_SELECTOR = YES;
				GCC_WARN_UNINITIALIZED_AUTOS = YES_AGGRESSIVE;
				GCC_WARN_UNUSED_FUNCTION = YES;
				GCC_WARN_UNUSED_VARIABLE = YES;
				IPHONEOS_DEPLOYMENT_TARGET = 17.5;
				LOCALIZATION_PREFERS_STRING_CATALOGS = YES;
				MTL_ENABLE_DEBUG_INFO = INCLUDE_SOURCE;
				MTL_FAST_MATH = YES;
				ONLY_ACTIVE_ARCH = YES;
				SDKROOT = iphoneos;
				SWIFT_ACTIVE_COMPILATION_CONDITIONS = "DEBUG $(inherited)";
				SWIFT_OPTIMIZATION_LEVEL = "-Onone";
			};
			name = Debug;
		};
		B746C79A2C8A37E7001FAC33 /* Release */ = {
			isa = XCBuildConfiguration;
			buildSettings = {
				ALWAYS_SEARCH_USER_PATHS = NO;
				ASSETCATALOG_COMPILER_GENERATE_SWIFT_ASSET_SYMBOL_EXTENSIONS = YES;
				CLANG_ANALYZER_NONNULL = YES;
				CLANG_ANALYZER_NUMBER_OBJECT_CONVERSION = YES_AGGRESSIVE;
				CLANG_CXX_LANGUAGE_STANDARD = "gnu++20";
				CLANG_ENABLE_MODULES = YES;
				CLANG_ENABLE_OBJC_ARC = YES;
				CLANG_ENABLE_OBJC_WEAK = YES;
				CLANG_WARN_BLOCK_CAPTURE_AUTORELEASING = YES;
				CLANG_WARN_BOOL_CONVERSION = YES;
				CLANG_WARN_COMMA = YES;
				CLANG_WARN_CONSTANT_CONVERSION = YES;
				CLANG_WARN_DEPRECATED_OBJC_IMPLEMENTATIONS = YES;
				CLANG_WARN_DIRECT_OBJC_ISA_USAGE = YES_ERROR;
				CLANG_WARN_DOCUMENTATION_COMMENTS = YES;
				CLANG_WARN_EMPTY_BODY = YES;
				CLANG_WARN_ENUM_CONVERSION = YES;
				CLANG_WARN_INFINITE_RECURSION = YES;
				CLANG_WARN_INT_CONVERSION = YES;
				CLANG_WARN_NON_LITERAL_NULL_CONVERSION = YES;
				CLANG_WARN_OBJC_IMPLICIT_RETAIN_SELF = YES;
				CLANG_WARN_OBJC_LITERAL_CONVERSION = YES;
				CLANG_WARN_OBJC_ROOT_CLASS = YES_ERROR;
				CLANG_WARN_QUOTED_INCLUDE_IN_FRAMEWORK_HEADER = YES;
				CLANG_WARN_RANGE_LOOP_ANALYSIS = YES;
				CLANG_WARN_STRICT_PROTOTYPES = YES;
				CLANG_WARN_SUSPICIOUS_MOVE = YES;
				CLANG_WARN_UNGUARDED_AVAILABILITY = YES_AGGRESSIVE;
				CLANG_WARN_UNREACHABLE_CODE = YES;
				CLANG_WARN__DUPLICATE_METHOD_MATCH = YES;
				COPY_PHASE_STRIP = NO;
				DEBUG_INFORMATION_FORMAT = "dwarf-with-dsym";
				ENABLE_NS_ASSERTIONS = NO;
				ENABLE_STRICT_OBJC_MSGSEND = YES;
				ENABLE_USER_SCRIPT_SANDBOXING = YES;
				GCC_C_LANGUAGE_STANDARD = gnu17;
				GCC_NO_COMMON_BLOCKS = YES;
				GCC_WARN_64_TO_32_BIT_CONVERSION = YES;
				GCC_WARN_ABOUT_RETURN_TYPE = YES_ERROR;
				GCC_WARN_UNDECLARED_SELECTOR = YES;
				GCC_WARN_UNINITIALIZED_AUTOS = YES_AGGRESSIVE;
				GCC_WARN_UNUSED_FUNCTION = YES;
				GCC_WARN_UNUSED_VARIABLE = YES;
				IPHONEOS_DEPLOYMENT_TARGET = 17.5;
				LOCALIZATION_PREFERS_STRING_CATALOGS = YES;
				MTL_ENABLE_DEBUG_INFO = NO;
				MTL_FAST_MATH = YES;
				SDKROOT = iphoneos;
				SWIFT_COMPILATION_MODE = wholemodule;
				VALIDATE_PRODUCT = YES;
			};
			name = Release;
		};
		B746C79C2C8A37E7001FAC33 /* Debug */ = {
			isa = XCBuildConfiguration;
			buildSettings = {
				ASSETCATALOG_COMPILER_APPICON_NAME = AppIcon;
				ASSETCATALOG_COMPILER_GLOBAL_ACCENT_COLOR_NAME = AccentColor;
				CODE_SIGN_STYLE = Automatic;
				CURRENT_PROJECT_VERSION = 1;
				DEVELOPMENT_ASSET_PATHS = "\"StarterProjectSwiftUI/Preview Content\"";
				DEVELOPMENT_TEAM = PPH9EJ7977;
				ENABLE_PREVIEWS = YES;
				GENERATE_INFOPLIST_FILE = YES;
				INFOPLIST_KEY_UIApplicationSceneManifest_Generation = YES;
				INFOPLIST_KEY_UIApplicationSupportsIndirectInputEvents = YES;
				INFOPLIST_KEY_UILaunchScreen_Generation = YES;
				INFOPLIST_KEY_UISupportedInterfaceOrientations_iPad = "UIInterfaceOrientationPortrait UIInterfaceOrientationPortraitUpsideDown UIInterfaceOrientationLandscapeLeft UIInterfaceOrientationLandscapeRight";
				INFOPLIST_KEY_UISupportedInterfaceOrientations_iPhone = "UIInterfaceOrientationPortrait UIInterfaceOrientationLandscapeLeft UIInterfaceOrientationLandscapeRight";
				LD_RUNPATH_SEARCH_PATHS = (
					"$(inherited)",
					"@executable_path/Frameworks",
				);
				MARKETING_VERSION = 1.0;
				PRODUCT_BUNDLE_IDENTIFIER = uk.co.motaharTest.StarterProjectSwiftUI;
				PRODUCT_NAME = "$(TARGET_NAME)";
				SWIFT_EMIT_LOC_STRINGS = YES;
				SWIFT_VERSION = 5.0;
				TARGETED_DEVICE_FAMILY = "1,2";
			};
			name = Debug;
		};
		B746C79D2C8A37E7001FAC33 /* Release */ = {
			isa = XCBuildConfiguration;
			buildSettings = {
				ASSETCATALOG_COMPILER_APPICON_NAME = AppIcon;
				ASSETCATALOG_COMPILER_GLOBAL_ACCENT_COLOR_NAME = AccentColor;
				CODE_SIGN_STYLE = Automatic;
				CURRENT_PROJECT_VERSION = 1;
				DEVELOPMENT_ASSET_PATHS = "\"StarterProjectSwiftUI/Preview Content\"";
				DEVELOPMENT_TEAM = PPH9EJ7977;
				ENABLE_PREVIEWS = YES;
				GENERATE_INFOPLIST_FILE = YES;
				INFOPLIST_KEY_UIApplicationSceneManifest_Generation = YES;
				INFOPLIST_KEY_UIApplicationSupportsIndirectInputEvents = YES;
				INFOPLIST_KEY_UILaunchScreen_Generation = YES;
				INFOPLIST_KEY_UISupportedInterfaceOrientations_iPad = "UIInterfaceOrientationPortrait UIInterfaceOrientationPortraitUpsideDown UIInterfaceOrientationLandscapeLeft UIInterfaceOrientationLandscapeRight";
				INFOPLIST_KEY_UISupportedInterfaceOrientations_iPhone = "UIInterfaceOrientationPortrait UIInterfaceOrientationLandscapeLeft UIInterfaceOrientationLandscapeRight";
				LD_RUNPATH_SEARCH_PATHS = (
					"$(inherited)",
					"@executable_path/Frameworks",
				);
				MARKETING_VERSION = 1.0;
				PRODUCT_BUNDLE_IDENTIFIER = uk.co.motaharTest.StarterProjectSwiftUI;
				PRODUCT_NAME = "$(TARGET_NAME)";
				SWIFT_EMIT_LOC_STRINGS = YES;
				SWIFT_VERSION = 5.0;
				TARGETED_DEVICE_FAMILY = "1,2";
			};
			name = Release;
		};
/* End XCBuildConfiguration section */

/* Begin XCConfigurationList section */
		B746C7882C8A37E5001FAC33 /* Build configuration list for PBXProject "StarterProjectSwiftUI" */ = {
			isa = XCConfigurationList;
			buildConfigurations = (
				B746C7992C8A37E7001FAC33 /* Debug */,
				B746C79A2C8A37E7001FAC33 /* Release */,
			);
			defaultConfigurationIsVisible = 0;
			defaultConfigurationName = Release;
		};
		B746C79B2C8A37E7001FAC33 /* Build configuration list for PBXNativeTarget "StarterProjectSwiftUI" */ = {
			isa = XCConfigurationList;
			buildConfigurations = (
				B746C79C2C8A37E7001FAC33 /* Debug */,
				B746C79D2C8A37E7001FAC33 /* Release */,
			);
			defaultConfigurationIsVisible = 0;
			defaultConfigurationName = Release;
		};
/* End XCConfigurationList section */
	};
	rootObject = B746C7852C8A37E5001FAC33 /* Project object */;
}
